{
  "name": "t3-glasses",
  "version": "0.1.0",
  "lockfileVersion": 3,
  "requires": true,
  "packages": {
    "": {
      "name": "t3-glasses",
      "version": "0.1.0",
      "workspaces": [
        "packages/protocol",
        "packages/bridge",
        "apps/glasses"
      ],
      "engines": {
        "node": ">=22"
      }
    },
    "node_modules/@t3-glasses/protocol": {
      "resolved": "packages/protocol",
      "link": true
    },
    "packages/protocol": {
      "name": "@t3-glasses/protocol",
      "version": "0.1.0"
    }
  }
}
